
Microsoft Visual Studio Solution File, Format Version 12.00
# Visual Studio 14
VisualStudioVersion = 14.0.25420.1
MinimumVisualStudioVersion = 10.0.40219.1
Project("{A07B5EB6-E848-4116-A8D0-A826331D98C6}") = "TermiteModel", "TermiteModel\TermiteModel.sfproj", "{DF05BEB4-CE2D-4ABA-AE99-B1DB01523685}"
EndProject
Project("{FAE04EC0-301F-11D3-BF4B-00C04F79EFBC}") = "Box", "Box\Box.csproj", "{3368FFC9-460E-452D-AA78-58D665259E74}"
EndProject
Project("{FAE04EC0-301F-11D3-BF4B-00C04F79EFBC}") = "Termite", "Termite\Termite.csproj", "{2B779835-196C-4DCA-B486-E44BA7443A83}"
EndProject
Project("{FAE04EC0-301F-11D3-BF4B-00C04F79EFBC}") = "Termite.Interfaces", "Termite.Interfaces\Termite.Interfaces.csproj", "{CAF475A5-F7BF-443B-A392-F57116F59B22}"
EndProject
Project("{FAE04EC0-301F-11D3-BF4B-00C04F79EFBC}") = "ModelTest", "ModelTest\ModelTest.csproj", "{13100846-CCFC-4E42-A887-48B6147EC225}"
EndProject
Project("{FAE04EC0-301F-11D3-BF4B-00C04F79EFBC}") = "Box.Interfaces", "Box.Interfaces\Box.Interfaces.csproj", "{0FBCEBD3-E0EC-41EE-895B-8B836FAD0835}"
EndProject
Global
	GlobalSection(SolutionConfigurationPlatforms) = preSolution
		Debug|Any CPU = Debug|Any CPU
		Debug|x64 = Debug|x64
		Release|Any CPU = Release|Any CPU
		Release|x64 = Release|x64
	EndGlobalSection
	GlobalSection(ProjectConfigurationPlatforms) = postSolution
		{DF05BEB4-CE2D-4ABA-AE99-B1DB01523685}.Debug|Any CPU.ActiveCfg = Debug|x64
		{DF05BEB4-CE2D-4ABA-AE99-B1DB01523685}.Debug|x64.ActiveCfg = Debug|x64
		{DF05BEB4-CE2D-4ABA-AE99-B1DB01523685}.Debug|x64.Build.0 = Debug|x64
		{DF05BEB4-CE2D-4ABA-AE99-B1DB01523685}.Debug|x64.Deploy.0 = Debug|x64
		{DF05BEB4-CE2D-4ABA-AE99-B1DB01523685}.Release|Any CPU.ActiveCfg = Release|x64
		{DF05BEB4-CE2D-4ABA-AE99-B1DB01523685}.Release|x64.ActiveCfg = Release|x64
		{DF05BEB4-CE2D-4ABA-AE99-B1DB01523685}.Release|x64.Build.0 = Release|x64
		{DF05BEB4-CE2D-4ABA-AE99-B1DB01523685}.Release|x64.Deploy.0 = Release|x64
		{3368FFC9-460E-452D-AA78-58D665259E74}.Debug|Any CPU.ActiveCfg = Debug|x64
		{3368FFC9-460E-452D-AA78-58D665259E74}.Debug|x64.ActiveCfg = Debug|x64
		{3368FFC9-460E-452D-AA78-58D665259E74}.Debug|x64.Build.0 = Debug|x64
		{3368FFC9-460E-452D-AA78-58D665259E74}.Release|Any CPU.ActiveCfg = Release|x64
		{3368FFC9-460E-452D-AA78-58D665259E74}.Release|x64.ActiveCfg = Release|x64
		{3368FFC9-460E-452D-AA78-58D665259E74}.Release|x64.Build.0 = Release|x64
		{2B779835-196C-4DCA-B486-E44BA7443A83}.Debug|Any CPU.ActiveCfg = Debug|x64
		{2B779835-196C-4DCA-B486-E44BA7443A83}.Debug|x64.ActiveCfg = Debug|x64
		{2B779835-196C-4DCA-B486-E44BA7443A83}.Debug|x64.Build.0 = Debug|x64
		{2B779835-196C-4DCA-B486-E44BA7443A83}.Release|Any CPU.ActiveCfg = Release|x64
		{2B779835-196C-4DCA-B486-E44BA7443A83}.Release|x64.ActiveCfg = Release|x64
		{2B779835-196C-4DCA-B486-E44BA7443A83}.Release|x64.Build.0 = Release|x64
		{CAF475A5-F7BF-443B-A392-F57116F59B22}.Debug|Any CPU.ActiveCfg = Debug|x64
		{CAF475A5-F7BF-443B-A392-F57116F59B22}.Debug|x64.ActiveCfg = Debug|x64
		{CAF475A5-F7BF-443B-A392-F57116F59B22}.Debug|x64.Build.0 = Debug|x64
		{CAF475A5-F7BF-443B-A392-F57116F59B22}.Release|Any CPU.ActiveCfg = Release|x64
		{CAF475A5-F7BF-443B-A392-F57116F59B22}.Release|x64.ActiveCfg = Release|x64
		{CAF475A5-F7BF-443B-A392-F57116F59B22}.Release|x64.Build.0 = Release|x64
		{13100846-CCFC-4E42-A887-48B6147EC225}.Debug|Any CPU.ActiveCfg = Debug|Any CPU
		{13100846-CCFC-4E42-A887-48B6147EC225}.Debug|Any CPU.Build.0 = Debug|Any CPU
		{13100846-CCFC-4E42-A887-48B6147EC225}.Debug|x64.ActiveCfg = Debug|x64
		{13100846-CCFC-4E42-A887-48B6147EC225}.Debug|x64.Build.0 = Debug|x64
		{13100846-CCFC-4E42-A887-48B6147EC225}.Release|Any CPU.ActiveCfg = Release|Any CPU
		{13100846-CCFC-4E42-A887-48B6147EC225}.Release|Any CPU.Build.0 = Release|Any CPU
		{13100846-CCFC-4E42-A887-48B6147EC225}.Release|x64.ActiveCfg = Release|Any CPU
		{13100846-CCFC-4E42-A887-48B6147EC225}.Release|x64.Build.0 = Release|Any CPU
		{0FBCEBD3-E0EC-41EE-895B-8B836FAD0835}.Debug|Any CPU.ActiveCfg = Debug|Any CPU
		{0FBCEBD3-E0EC-41EE-895B-8B836FAD0835}.Debug|Any CPU.Build.0 = Debug|Any CPU
		{0FBCEBD3-E0EC-41EE-895B-8B836FAD0835}.Debug|x64.ActiveCfg = Debug|x64
		{0FBCEBD3-E0EC-41EE-895B-8B836FAD0835}.Debug|x64.Build.0 = Debug|x64
		{0FBCEBD3-E0EC-41EE-895B-8B836FAD0835}.Release|Any CPU.ActiveCfg = Release|Any CPU
		{0FBCEBD3-E0EC-41EE-895B-8B836FAD0835}.Release|Any CPU.Build.0 = Release|Any CPU
		{0FBCEBD3-E0EC-41EE-895B-8B836FAD0835}.Release|x64.ActiveCfg = Release|Any CPU
		{0FBCEBD3-E0EC-41EE-895B-8B836FAD0835}.Release|x64.Build.0 = Release|Any CPU
	EndGlobalSection
	GlobalSection(SolutionProperties) = preSolution
		HideSolutionNode = FALSE
	EndGlobalSection
EndGlobal
