
Microsoft Visual Studio Solution File, Format Version 12.00
# Visual Studio 14
VisualStudioVersion = 14.0.24720.0
MinimumVisualStudioVersion = 10.0.40219.1
Project("{A07B5EB6-E848-4116-A8D0-A826331D98C6}") = "MetadataDrvienApplication", "MetadataDrvienApplication\MetadataDrvienApplication.sfproj", "{574197E5-3943-4D3E-8F13-9E17BE42E615}"
EndProject
Project("{FAE04EC0-301F-11D3-BF4B-00C04F79EFBC}") = "Shape", "Shape\Shape.csproj", "{9FB5DB1F-C60A-4843-BD34-28893A1391D4}"
EndProject
Project("{FAE04EC0-301F-11D3-BF4B-00C04F79EFBC}") = "Shape.Interfaces", "Shape.Interfaces\Shape.Interfaces.csproj", "{AF8CE257-2328-4BB4-BED3-4AB64FEA7894}"
EndProject
Project("{FAE04EC0-301F-11D3-BF4B-00C04F79EFBC}") = "Circle", "Circle\Circle.csproj", "{450B8958-CA81-4D18-8AF8-937855C4A342}"
EndProject
Project("{FAE04EC0-301F-11D3-BF4B-00C04F79EFBC}") = "Circle.Interfaces", "Circle.Interfaces\Circle.Interfaces.csproj", "{CFF8444C-0557-4993-9A18-575DFBCDDD1E}"
EndProject
Project("{FAE04EC0-301F-11D3-BF4B-00C04F79EFBC}") = "TestApplication", "TestApplication\TestApplication.csproj", "{C8FCD4AF-C5EE-4C11-8870-60E83B1E1529}"
EndProject
Project("{FAE04EC0-301F-11D3-BF4B-00C04F79EFBC}") = "Rectangle", "Rectangle\Rectangle.csproj", "{10C9CDCA-2DBE-4CBB-AE4B-7985F318DC55}"
EndProject
Project("{FAE04EC0-301F-11D3-BF4B-00C04F79EFBC}") = "Rectangle.Interfaces", "Rectangle.Interfaces\Rectangle.Interfaces.csproj", "{37928495-FA99-451D-863C-BC0FB64B4A31}"
EndProject
Global
	GlobalSection(SolutionConfigurationPlatforms) = preSolution
		Debug|Any CPU = Debug|Any CPU
		Debug|x64 = Debug|x64
		Release|Any CPU = Release|Any CPU
		Release|x64 = Release|x64
	EndGlobalSection
	GlobalSection(ProjectConfigurationPlatforms) = postSolution
		{574197E5-3943-4D3E-8F13-9E17BE42E615}.Debug|Any CPU.ActiveCfg = Debug|x64
		{574197E5-3943-4D3E-8F13-9E17BE42E615}.Debug|x64.ActiveCfg = Debug|x64
		{574197E5-3943-4D3E-8F13-9E17BE42E615}.Debug|x64.Build.0 = Debug|x64
		{574197E5-3943-4D3E-8F13-9E17BE42E615}.Debug|x64.Deploy.0 = Debug|x64
		{574197E5-3943-4D3E-8F13-9E17BE42E615}.Release|Any CPU.ActiveCfg = Release|x64
		{574197E5-3943-4D3E-8F13-9E17BE42E615}.Release|x64.ActiveCfg = Release|x64
		{574197E5-3943-4D3E-8F13-9E17BE42E615}.Release|x64.Build.0 = Release|x64
		{574197E5-3943-4D3E-8F13-9E17BE42E615}.Release|x64.Deploy.0 = Release|x64
		{9FB5DB1F-C60A-4843-BD34-28893A1391D4}.Debug|Any CPU.ActiveCfg = Debug|x64
		{9FB5DB1F-C60A-4843-BD34-28893A1391D4}.Debug|x64.ActiveCfg = Debug|x64
		{9FB5DB1F-C60A-4843-BD34-28893A1391D4}.Debug|x64.Build.0 = Debug|x64
		{9FB5DB1F-C60A-4843-BD34-28893A1391D4}.Release|Any CPU.ActiveCfg = Release|x64
		{9FB5DB1F-C60A-4843-BD34-28893A1391D4}.Release|x64.ActiveCfg = Release|x64
		{9FB5DB1F-C60A-4843-BD34-28893A1391D4}.Release|x64.Build.0 = Release|x64
		{AF8CE257-2328-4BB4-BED3-4AB64FEA7894}.Debug|Any CPU.ActiveCfg = Debug|x64
		{AF8CE257-2328-4BB4-BED3-4AB64FEA7894}.Debug|x64.ActiveCfg = Debug|x64
		{AF8CE257-2328-4BB4-BED3-4AB64FEA7894}.Debug|x64.Build.0 = Debug|x64
		{AF8CE257-2328-4BB4-BED3-4AB64FEA7894}.Release|Any CPU.ActiveCfg = Release|x64
		{AF8CE257-2328-4BB4-BED3-4AB64FEA7894}.Release|x64.ActiveCfg = Release|x64
		{AF8CE257-2328-4BB4-BED3-4AB64FEA7894}.Release|x64.Build.0 = Release|x64
		{450B8958-CA81-4D18-8AF8-937855C4A342}.Debug|Any CPU.ActiveCfg = Debug|x64
		{450B8958-CA81-4D18-8AF8-937855C4A342}.Debug|x64.ActiveCfg = Debug|x64
		{450B8958-CA81-4D18-8AF8-937855C4A342}.Debug|x64.Build.0 = Debug|x64
		{450B8958-CA81-4D18-8AF8-937855C4A342}.Release|Any CPU.ActiveCfg = Release|x64
		{450B8958-CA81-4D18-8AF8-937855C4A342}.Release|x64.ActiveCfg = Release|x64
		{450B8958-CA81-4D18-8AF8-937855C4A342}.Release|x64.Build.0 = Release|x64
		{CFF8444C-0557-4993-9A18-575DFBCDDD1E}.Debug|Any CPU.ActiveCfg = Debug|x64
		{CFF8444C-0557-4993-9A18-575DFBCDDD1E}.Debug|x64.ActiveCfg = Debug|x64
		{CFF8444C-0557-4993-9A18-575DFBCDDD1E}.Debug|x64.Build.0 = Debug|x64
		{CFF8444C-0557-4993-9A18-575DFBCDDD1E}.Release|Any CPU.ActiveCfg = Release|x64
		{CFF8444C-0557-4993-9A18-575DFBCDDD1E}.Release|x64.ActiveCfg = Release|x64
		{CFF8444C-0557-4993-9A18-575DFBCDDD1E}.Release|x64.Build.0 = Release|x64
		{C8FCD4AF-C5EE-4C11-8870-60E83B1E1529}.Debug|Any CPU.ActiveCfg = Debug|Any CPU
		{C8FCD4AF-C5EE-4C11-8870-60E83B1E1529}.Debug|Any CPU.Build.0 = Debug|Any CPU
		{C8FCD4AF-C5EE-4C11-8870-60E83B1E1529}.Debug|x64.ActiveCfg = Debug|Any CPU
		{C8FCD4AF-C5EE-4C11-8870-60E83B1E1529}.Debug|x64.Build.0 = Debug|Any CPU
		{C8FCD4AF-C5EE-4C11-8870-60E83B1E1529}.Release|Any CPU.ActiveCfg = Release|Any CPU
		{C8FCD4AF-C5EE-4C11-8870-60E83B1E1529}.Release|Any CPU.Build.0 = Release|Any CPU
		{C8FCD4AF-C5EE-4C11-8870-60E83B1E1529}.Release|x64.ActiveCfg = Release|Any CPU
		{C8FCD4AF-C5EE-4C11-8870-60E83B1E1529}.Release|x64.Build.0 = Release|Any CPU
		{10C9CDCA-2DBE-4CBB-AE4B-7985F318DC55}.Debug|Any CPU.ActiveCfg = Debug|x64
		{10C9CDCA-2DBE-4CBB-AE4B-7985F318DC55}.Debug|x64.ActiveCfg = Debug|x64
		{10C9CDCA-2DBE-4CBB-AE4B-7985F318DC55}.Debug|x64.Build.0 = Debug|x64
		{10C9CDCA-2DBE-4CBB-AE4B-7985F318DC55}.Release|Any CPU.ActiveCfg = Release|x64
		{10C9CDCA-2DBE-4CBB-AE4B-7985F318DC55}.Release|x64.ActiveCfg = Release|x64
		{10C9CDCA-2DBE-4CBB-AE4B-7985F318DC55}.Release|x64.Build.0 = Release|x64
		{37928495-FA99-451D-863C-BC0FB64B4A31}.Debug|Any CPU.ActiveCfg = Debug|x64
		{37928495-FA99-451D-863C-BC0FB64B4A31}.Debug|x64.ActiveCfg = Debug|x64
		{37928495-FA99-451D-863C-BC0FB64B4A31}.Debug|x64.Build.0 = Debug|x64
		{37928495-FA99-451D-863C-BC0FB64B4A31}.Release|Any CPU.ActiveCfg = Release|x64
		{37928495-FA99-451D-863C-BC0FB64B4A31}.Release|x64.ActiveCfg = Release|x64
		{37928495-FA99-451D-863C-BC0FB64B4A31}.Release|x64.Build.0 = Release|x64
	EndGlobalSection
	GlobalSection(SolutionProperties) = preSolution
		HideSolutionNode = FALSE
	EndGlobalSection
EndGlobal
