
Microsoft Visual Studio Solution File, Format Version 12.00
# Visual Studio 14
VisualStudioVersion = 14.0.24720.0
MinimumVisualStudioVersion = 10.0.40219.1
Project("{A07B5EB6-E848-4116-A8D0-A826331D98C6}") = "MessyChessApplication", "MessyChessApplication\MessyChessApplication.sfproj", "{F23C0432-ABE8-435D-9FAE-D255C15AB415}"
EndProject
Project("{FAE04EC0-301F-11D3-BF4B-00C04F79EFBC}") = "Chessboard", "Chessboard\Chessboard.csproj", "{5A69B6C3-C192-4E01-BFE1-D134900DEB6B}"
EndProject
Project("{FAE04EC0-301F-11D3-BF4B-00C04F79EFBC}") = "Chessboard.Interfaces", "Chessboard.Interfaces\Chessboard.Interfaces.csproj", "{007494CD-7DB1-466B-A6D6-E556791D1070}"
EndProject
Project("{FAE04EC0-301F-11D3-BF4B-00C04F79EFBC}") = "Common", "Common\Common.csproj", "{F0720053-2FDF-46BE-8493-3D6274A64C85}"
EndProject
Project("{FAE04EC0-301F-11D3-BF4B-00C04F79EFBC}") = "MessyChess.Tests", "MessyChess.Tests\MessyChess.Tests.csproj", "{EA480920-4E70-48EE-8883-B4AF29568D80}"
EndProject
Project("{FAE04EC0-301F-11D3-BF4B-00C04F79EFBC}") = "ChessboardObserver", "ChessboardObserver\ChessboardObserver.csproj", "{404766B9-5593-4316-A9D0-AD7CF007157F}"
EndProject
Project("{FAE04EC0-301F-11D3-BF4B-00C04F79EFBC}") = "ChessboardObserver.Interfaces", "ChessboardObserver.Interfaces\ChessboardObserver.Interfaces.csproj", "{5E61F1E3-AF0B-4084-BB65-241B10E3F96E}"
EndProject
Project("{FAE04EC0-301F-11D3-BF4B-00C04F79EFBC}") = "ChessPiece", "ChessPiece\ChessPiece.csproj", "{CC60ECE7-1DEC-4FE3-B298-A60612DC38E8}"
EndProject
Project("{FAE04EC0-301F-11D3-BF4B-00C04F79EFBC}") = "ChessPiece.Interfaces", "ChessPiece.Interfaces\ChessPiece.Interfaces.csproj", "{B8EF5C62-D9FF-43FB-B0F7-1AC3357F868F}"
EndProject
Project("{8BB2217D-0F2D-49D1-97BC-3654ED321F3B}") = "MessyChessWeb", "MessyChessWeb\MessyChessWeb.xproj", "{432383EB-D13A-45A3-AF31-FE2553D36309}"
EndProject
Project("{FAE04EC0-301F-11D3-BF4B-00C04F79EFBC}") = "Agent", "Agent\Agent.csproj", "{51285789-B8E6-4069-B74B-58FE1DDD2670}"
EndProject
Project("{FAE04EC0-301F-11D3-BF4B-00C04F79EFBC}") = "Agent.Interfaces", "Agent.Interfaces\Agent.Interfaces.csproj", "{BE777BB1-29DA-4601-ABED-50AC39862973}"
EndProject
Project("{FAE04EC0-301F-11D3-BF4B-00C04F79EFBC}") = "King", "King\King.csproj", "{1689DA69-63E1-455B-89FD-49E4492C95D3}"
EndProject
Project("{FAE04EC0-301F-11D3-BF4B-00C04F79EFBC}") = "King.Interfaces", "King.Interfaces\King.Interfaces.csproj", "{D5331260-340F-4F38-8344-418DED46F7DC}"
EndProject
Project("{FAE04EC0-301F-11D3-BF4B-00C04F79EFBC}") = "AgentDispenser", "AgentDispenser\AgentDispenser.csproj", "{6F6D9FC9-2393-4A03-81AA-942F6024A283}"
EndProject
Project("{FAE04EC0-301F-11D3-BF4B-00C04F79EFBC}") = "AgentDispenser.Interfaces", "AgentDispenser.Interfaces\AgentDispenser.Interfaces.csproj", "{D3F3F7E2-C9D8-428E-89FD-41A70EED204F}"
EndProject
Project("{FAE04EC0-301F-11D3-BF4B-00C04F79EFBC}") = "Player", "Player\Player.csproj", "{78D7099F-05D1-4C18-B620-2ACC378BC088}"
EndProject
Project("{FAE04EC0-301F-11D3-BF4B-00C04F79EFBC}") = "Player.Interfaces", "Player.Interfaces\Player.Interfaces.csproj", "{3C34DA5A-BE1C-4090-A9D9-0DB5C31999C1}"
EndProject
Global
	GlobalSection(SolutionConfigurationPlatforms) = preSolution
		Debug|Any CPU = Debug|Any CPU
		Debug|x64 = Debug|x64
		Release|Any CPU = Release|Any CPU
		Release|x64 = Release|x64
	EndGlobalSection
	GlobalSection(ProjectConfigurationPlatforms) = postSolution
		{F23C0432-ABE8-435D-9FAE-D255C15AB415}.Debug|Any CPU.ActiveCfg = Debug|x64
		{F23C0432-ABE8-435D-9FAE-D255C15AB415}.Debug|x64.ActiveCfg = Debug|x64
		{F23C0432-ABE8-435D-9FAE-D255C15AB415}.Debug|x64.Build.0 = Debug|x64
		{F23C0432-ABE8-435D-9FAE-D255C15AB415}.Debug|x64.Deploy.0 = Debug|x64
		{F23C0432-ABE8-435D-9FAE-D255C15AB415}.Release|Any CPU.ActiveCfg = Release|x64
		{F23C0432-ABE8-435D-9FAE-D255C15AB415}.Release|x64.ActiveCfg = Release|x64
		{F23C0432-ABE8-435D-9FAE-D255C15AB415}.Release|x64.Build.0 = Release|x64
		{F23C0432-ABE8-435D-9FAE-D255C15AB415}.Release|x64.Deploy.0 = Release|x64
		{5A69B6C3-C192-4E01-BFE1-D134900DEB6B}.Debug|Any CPU.ActiveCfg = Debug|x64
		{5A69B6C3-C192-4E01-BFE1-D134900DEB6B}.Debug|x64.ActiveCfg = Debug|x64
		{5A69B6C3-C192-4E01-BFE1-D134900DEB6B}.Debug|x64.Build.0 = Debug|x64
		{5A69B6C3-C192-4E01-BFE1-D134900DEB6B}.Release|Any CPU.ActiveCfg = Release|x64
		{5A69B6C3-C192-4E01-BFE1-D134900DEB6B}.Release|x64.ActiveCfg = Release|x64
		{5A69B6C3-C192-4E01-BFE1-D134900DEB6B}.Release|x64.Build.0 = Release|x64
		{007494CD-7DB1-466B-A6D6-E556791D1070}.Debug|Any CPU.ActiveCfg = Debug|Any CPU
		{007494CD-7DB1-466B-A6D6-E556791D1070}.Debug|Any CPU.Build.0 = Debug|Any CPU
		{007494CD-7DB1-466B-A6D6-E556791D1070}.Debug|x64.ActiveCfg = Debug|Any CPU
		{007494CD-7DB1-466B-A6D6-E556791D1070}.Debug|x64.Build.0 = Debug|Any CPU
		{007494CD-7DB1-466B-A6D6-E556791D1070}.Release|Any CPU.ActiveCfg = Release|Any CPU
		{007494CD-7DB1-466B-A6D6-E556791D1070}.Release|Any CPU.Build.0 = Release|Any CPU
		{007494CD-7DB1-466B-A6D6-E556791D1070}.Release|x64.ActiveCfg = Release|Any CPU
		{007494CD-7DB1-466B-A6D6-E556791D1070}.Release|x64.Build.0 = Release|Any CPU
		{F0720053-2FDF-46BE-8493-3D6274A64C85}.Debug|Any CPU.ActiveCfg = Debug|Any CPU
		{F0720053-2FDF-46BE-8493-3D6274A64C85}.Debug|Any CPU.Build.0 = Debug|Any CPU
		{F0720053-2FDF-46BE-8493-3D6274A64C85}.Debug|x64.ActiveCfg = Debug|Any CPU
		{F0720053-2FDF-46BE-8493-3D6274A64C85}.Debug|x64.Build.0 = Debug|Any CPU
		{F0720053-2FDF-46BE-8493-3D6274A64C85}.Release|Any CPU.ActiveCfg = Release|Any CPU
		{F0720053-2FDF-46BE-8493-3D6274A64C85}.Release|Any CPU.Build.0 = Release|Any CPU
		{F0720053-2FDF-46BE-8493-3D6274A64C85}.Release|x64.ActiveCfg = Release|Any CPU
		{F0720053-2FDF-46BE-8493-3D6274A64C85}.Release|x64.Build.0 = Release|Any CPU
		{EA480920-4E70-48EE-8883-B4AF29568D80}.Debug|Any CPU.ActiveCfg = Debug|Any CPU
		{EA480920-4E70-48EE-8883-B4AF29568D80}.Debug|Any CPU.Build.0 = Debug|Any CPU
		{EA480920-4E70-48EE-8883-B4AF29568D80}.Debug|x64.ActiveCfg = Debug|Any CPU
		{EA480920-4E70-48EE-8883-B4AF29568D80}.Debug|x64.Build.0 = Debug|Any CPU
		{EA480920-4E70-48EE-8883-B4AF29568D80}.Release|Any CPU.ActiveCfg = Release|Any CPU
		{EA480920-4E70-48EE-8883-B4AF29568D80}.Release|Any CPU.Build.0 = Release|Any CPU
		{EA480920-4E70-48EE-8883-B4AF29568D80}.Release|x64.ActiveCfg = Release|Any CPU
		{EA480920-4E70-48EE-8883-B4AF29568D80}.Release|x64.Build.0 = Release|Any CPU
		{404766B9-5593-4316-A9D0-AD7CF007157F}.Debug|Any CPU.ActiveCfg = Debug|x64
		{404766B9-5593-4316-A9D0-AD7CF007157F}.Debug|x64.ActiveCfg = Debug|x64
		{404766B9-5593-4316-A9D0-AD7CF007157F}.Debug|x64.Build.0 = Debug|x64
		{404766B9-5593-4316-A9D0-AD7CF007157F}.Release|Any CPU.ActiveCfg = Release|x64
		{404766B9-5593-4316-A9D0-AD7CF007157F}.Release|x64.ActiveCfg = Release|x64
		{404766B9-5593-4316-A9D0-AD7CF007157F}.Release|x64.Build.0 = Release|x64
		{5E61F1E3-AF0B-4084-BB65-241B10E3F96E}.Debug|Any CPU.ActiveCfg = Debug|Any CPU
		{5E61F1E3-AF0B-4084-BB65-241B10E3F96E}.Debug|Any CPU.Build.0 = Debug|Any CPU
		{5E61F1E3-AF0B-4084-BB65-241B10E3F96E}.Debug|x64.ActiveCfg = Debug|Any CPU
		{5E61F1E3-AF0B-4084-BB65-241B10E3F96E}.Debug|x64.Build.0 = Debug|Any CPU
		{5E61F1E3-AF0B-4084-BB65-241B10E3F96E}.Release|Any CPU.ActiveCfg = Release|Any CPU
		{5E61F1E3-AF0B-4084-BB65-241B10E3F96E}.Release|Any CPU.Build.0 = Release|Any CPU
		{5E61F1E3-AF0B-4084-BB65-241B10E3F96E}.Release|x64.ActiveCfg = Release|Any CPU
		{5E61F1E3-AF0B-4084-BB65-241B10E3F96E}.Release|x64.Build.0 = Release|Any CPU
		{CC60ECE7-1DEC-4FE3-B298-A60612DC38E8}.Debug|Any CPU.ActiveCfg = Debug|x64
		{CC60ECE7-1DEC-4FE3-B298-A60612DC38E8}.Debug|x64.ActiveCfg = Debug|x64
		{CC60ECE7-1DEC-4FE3-B298-A60612DC38E8}.Debug|x64.Build.0 = Debug|x64
		{CC60ECE7-1DEC-4FE3-B298-A60612DC38E8}.Release|Any CPU.ActiveCfg = Release|x64
		{CC60ECE7-1DEC-4FE3-B298-A60612DC38E8}.Release|x64.ActiveCfg = Release|x64
		{CC60ECE7-1DEC-4FE3-B298-A60612DC38E8}.Release|x64.Build.0 = Release|x64
		{B8EF5C62-D9FF-43FB-B0F7-1AC3357F868F}.Debug|Any CPU.ActiveCfg = Debug|x64
		{B8EF5C62-D9FF-43FB-B0F7-1AC3357F868F}.Debug|x64.ActiveCfg = Debug|x64
		{B8EF5C62-D9FF-43FB-B0F7-1AC3357F868F}.Debug|x64.Build.0 = Debug|x64
		{B8EF5C62-D9FF-43FB-B0F7-1AC3357F868F}.Release|Any CPU.ActiveCfg = Release|x64
		{B8EF5C62-D9FF-43FB-B0F7-1AC3357F868F}.Release|x64.ActiveCfg = Release|x64
		{B8EF5C62-D9FF-43FB-B0F7-1AC3357F868F}.Release|x64.Build.0 = Release|x64
		{432383EB-D13A-45A3-AF31-FE2553D36309}.Debug|Any CPU.ActiveCfg = Debug|Any CPU
		{432383EB-D13A-45A3-AF31-FE2553D36309}.Debug|Any CPU.Build.0 = Debug|Any CPU
		{432383EB-D13A-45A3-AF31-FE2553D36309}.Debug|x64.ActiveCfg = Debug|Any CPU
		{432383EB-D13A-45A3-AF31-FE2553D36309}.Debug|x64.Build.0 = Debug|Any CPU
		{432383EB-D13A-45A3-AF31-FE2553D36309}.Release|Any CPU.ActiveCfg = Release|Any CPU
		{432383EB-D13A-45A3-AF31-FE2553D36309}.Release|Any CPU.Build.0 = Release|Any CPU
		{432383EB-D13A-45A3-AF31-FE2553D36309}.Release|x64.ActiveCfg = Release|Any CPU
		{432383EB-D13A-45A3-AF31-FE2553D36309}.Release|x64.Build.0 = Release|Any CPU
		{51285789-B8E6-4069-B74B-58FE1DDD2670}.Debug|Any CPU.ActiveCfg = Debug|x64
		{51285789-B8E6-4069-B74B-58FE1DDD2670}.Debug|x64.ActiveCfg = Debug|x64
		{51285789-B8E6-4069-B74B-58FE1DDD2670}.Debug|x64.Build.0 = Debug|x64
		{51285789-B8E6-4069-B74B-58FE1DDD2670}.Release|Any CPU.ActiveCfg = Release|x64
		{51285789-B8E6-4069-B74B-58FE1DDD2670}.Release|x64.ActiveCfg = Release|x64
		{51285789-B8E6-4069-B74B-58FE1DDD2670}.Release|x64.Build.0 = Release|x64
		{BE777BB1-29DA-4601-ABED-50AC39862973}.Debug|Any CPU.ActiveCfg = Debug|x64
		{BE777BB1-29DA-4601-ABED-50AC39862973}.Debug|x64.ActiveCfg = Debug|x64
		{BE777BB1-29DA-4601-ABED-50AC39862973}.Debug|x64.Build.0 = Debug|x64
		{BE777BB1-29DA-4601-ABED-50AC39862973}.Release|Any CPU.ActiveCfg = Release|x64
		{BE777BB1-29DA-4601-ABED-50AC39862973}.Release|x64.ActiveCfg = Release|x64
		{BE777BB1-29DA-4601-ABED-50AC39862973}.Release|x64.Build.0 = Release|x64
		{1689DA69-63E1-455B-89FD-49E4492C95D3}.Debug|Any CPU.ActiveCfg = Debug|x64
		{1689DA69-63E1-455B-89FD-49E4492C95D3}.Debug|x64.ActiveCfg = Debug|x64
		{1689DA69-63E1-455B-89FD-49E4492C95D3}.Debug|x64.Build.0 = Debug|x64
		{1689DA69-63E1-455B-89FD-49E4492C95D3}.Release|Any CPU.ActiveCfg = Release|x64
		{1689DA69-63E1-455B-89FD-49E4492C95D3}.Release|x64.ActiveCfg = Release|x64
		{1689DA69-63E1-455B-89FD-49E4492C95D3}.Release|x64.Build.0 = Release|x64
		{D5331260-340F-4F38-8344-418DED46F7DC}.Debug|Any CPU.ActiveCfg = Debug|x64
		{D5331260-340F-4F38-8344-418DED46F7DC}.Debug|x64.ActiveCfg = Debug|x64
		{D5331260-340F-4F38-8344-418DED46F7DC}.Debug|x64.Build.0 = Debug|x64
		{D5331260-340F-4F38-8344-418DED46F7DC}.Release|Any CPU.ActiveCfg = Release|x64
		{D5331260-340F-4F38-8344-418DED46F7DC}.Release|x64.ActiveCfg = Release|x64
		{D5331260-340F-4F38-8344-418DED46F7DC}.Release|x64.Build.0 = Release|x64
		{6F6D9FC9-2393-4A03-81AA-942F6024A283}.Debug|Any CPU.ActiveCfg = Debug|x64
		{6F6D9FC9-2393-4A03-81AA-942F6024A283}.Debug|x64.ActiveCfg = Debug|x64
		{6F6D9FC9-2393-4A03-81AA-942F6024A283}.Debug|x64.Build.0 = Debug|x64
		{6F6D9FC9-2393-4A03-81AA-942F6024A283}.Release|Any CPU.ActiveCfg = Release|x64
		{6F6D9FC9-2393-4A03-81AA-942F6024A283}.Release|x64.ActiveCfg = Release|x64
		{6F6D9FC9-2393-4A03-81AA-942F6024A283}.Release|x64.Build.0 = Release|x64
		{D3F3F7E2-C9D8-428E-89FD-41A70EED204F}.Debug|Any CPU.ActiveCfg = Debug|x64
		{D3F3F7E2-C9D8-428E-89FD-41A70EED204F}.Debug|x64.ActiveCfg = Debug|x64
		{D3F3F7E2-C9D8-428E-89FD-41A70EED204F}.Debug|x64.Build.0 = Debug|x64
		{D3F3F7E2-C9D8-428E-89FD-41A70EED204F}.Release|Any CPU.ActiveCfg = Release|x64
		{D3F3F7E2-C9D8-428E-89FD-41A70EED204F}.Release|x64.ActiveCfg = Release|x64
		{D3F3F7E2-C9D8-428E-89FD-41A70EED204F}.Release|x64.Build.0 = Release|x64
		{78D7099F-05D1-4C18-B620-2ACC378BC088}.Debug|Any CPU.ActiveCfg = Debug|x64
		{78D7099F-05D1-4C18-B620-2ACC378BC088}.Debug|x64.ActiveCfg = Debug|x64
		{78D7099F-05D1-4C18-B620-2ACC378BC088}.Debug|x64.Build.0 = Debug|x64
		{78D7099F-05D1-4C18-B620-2ACC378BC088}.Release|Any CPU.ActiveCfg = Release|x64
		{78D7099F-05D1-4C18-B620-2ACC378BC088}.Release|x64.ActiveCfg = Release|x64
		{78D7099F-05D1-4C18-B620-2ACC378BC088}.Release|x64.Build.0 = Release|x64
		{3C34DA5A-BE1C-4090-A9D9-0DB5C31999C1}.Debug|Any CPU.ActiveCfg = Debug|x64
		{3C34DA5A-BE1C-4090-A9D9-0DB5C31999C1}.Debug|x64.ActiveCfg = Debug|x64
		{3C34DA5A-BE1C-4090-A9D9-0DB5C31999C1}.Debug|x64.Build.0 = Debug|x64
		{3C34DA5A-BE1C-4090-A9D9-0DB5C31999C1}.Release|Any CPU.ActiveCfg = Release|x64
		{3C34DA5A-BE1C-4090-A9D9-0DB5C31999C1}.Release|x64.ActiveCfg = Release|x64
		{3C34DA5A-BE1C-4090-A9D9-0DB5C31999C1}.Release|x64.Build.0 = Release|x64
	EndGlobalSection
	GlobalSection(SolutionProperties) = preSolution
		HideSolutionNode = FALSE
	EndGlobalSection
EndGlobal
