
Microsoft Visual Studio Solution File, Format Version 12.00
# Visual Studio 14
VisualStudioVersion = 14.0.25420.1
MinimumVisualStudioVersion = 10.0.40219.1
Project("{A07B5EB6-E848-4116-A8D0-A826331D98C6}") = "ActorSwarmApplication", "ActorSwarmApplication\ActorSwarmApplication.sfproj", "{AEA5D157-375C-46B5-B8C8-2CFE35AE0093}"
EndProject
Project("{FAE04EC0-301F-11D3-BF4B-00C04F79EFBC}") = "ActorSwarm", "ActorSwarm\ActorSwarm.csproj", "{B02CD73A-1055-4871-AF83-006EDFA960E5}"
EndProject
Project("{FAE04EC0-301F-11D3-BF4B-00C04F79EFBC}") = "ActorSwarm.Interfaces", "ActorSwarm.Interfaces\ActorSwarm.Interfaces.csproj", "{CA352CFD-86DE-4AC2-9208-185531E92248}"
EndProject
Project("{FAE04EC0-301F-11D3-BF4B-00C04F79EFBC}") = "Common", "Common\Common.csproj", "{64B0E53B-DDA7-40BC-951B-C57FF2386387}"
EndProject
Project("{FAE04EC0-301F-11D3-BF4B-00C04F79EFBC}") = "SwarmTest", "SwarmTest\SwarmTest.csproj", "{F5A0F9DE-389F-439E-B286-4A18F288B54E}"
EndProject
Global
	GlobalSection(SolutionConfigurationPlatforms) = preSolution
		Debug|Any CPU = Debug|Any CPU
		Debug|x64 = Debug|x64
		Release|Any CPU = Release|Any CPU
		Release|x64 = Release|x64
	EndGlobalSection
	GlobalSection(ProjectConfigurationPlatforms) = postSolution
		{AEA5D157-375C-46B5-B8C8-2CFE35AE0093}.Debug|Any CPU.ActiveCfg = Debug|x64
		{AEA5D157-375C-46B5-B8C8-2CFE35AE0093}.Debug|x64.ActiveCfg = Debug|x64
		{AEA5D157-375C-46B5-B8C8-2CFE35AE0093}.Debug|x64.Build.0 = Debug|x64
		{AEA5D157-375C-46B5-B8C8-2CFE35AE0093}.Debug|x64.Deploy.0 = Debug|x64
		{AEA5D157-375C-46B5-B8C8-2CFE35AE0093}.Release|Any CPU.ActiveCfg = Release|x64
		{AEA5D157-375C-46B5-B8C8-2CFE35AE0093}.Release|x64.ActiveCfg = Release|x64
		{AEA5D157-375C-46B5-B8C8-2CFE35AE0093}.Release|x64.Build.0 = Release|x64
		{AEA5D157-375C-46B5-B8C8-2CFE35AE0093}.Release|x64.Deploy.0 = Release|x64
		{B02CD73A-1055-4871-AF83-006EDFA960E5}.Debug|Any CPU.ActiveCfg = Debug|x64
		{B02CD73A-1055-4871-AF83-006EDFA960E5}.Debug|x64.ActiveCfg = Debug|x64
		{B02CD73A-1055-4871-AF83-006EDFA960E5}.Debug|x64.Build.0 = Debug|x64
		{B02CD73A-1055-4871-AF83-006EDFA960E5}.Release|Any CPU.ActiveCfg = Release|x64
		{B02CD73A-1055-4871-AF83-006EDFA960E5}.Release|x64.ActiveCfg = Release|x64
		{B02CD73A-1055-4871-AF83-006EDFA960E5}.Release|x64.Build.0 = Release|x64
		{CA352CFD-86DE-4AC2-9208-185531E92248}.Debug|Any CPU.ActiveCfg = Debug|x64
		{CA352CFD-86DE-4AC2-9208-185531E92248}.Debug|x64.ActiveCfg = Debug|x64
		{CA352CFD-86DE-4AC2-9208-185531E92248}.Debug|x64.Build.0 = Debug|x64
		{CA352CFD-86DE-4AC2-9208-185531E92248}.Release|Any CPU.ActiveCfg = Release|x64
		{CA352CFD-86DE-4AC2-9208-185531E92248}.Release|x64.ActiveCfg = Release|x64
		{CA352CFD-86DE-4AC2-9208-185531E92248}.Release|x64.Build.0 = Release|x64
		{64B0E53B-DDA7-40BC-951B-C57FF2386387}.Debug|Any CPU.ActiveCfg = Debug|Any CPU
		{64B0E53B-DDA7-40BC-951B-C57FF2386387}.Debug|Any CPU.Build.0 = Debug|Any CPU
		{64B0E53B-DDA7-40BC-951B-C57FF2386387}.Debug|x64.ActiveCfg = Debug|x64
		{64B0E53B-DDA7-40BC-951B-C57FF2386387}.Debug|x64.Build.0 = Debug|x64
		{64B0E53B-DDA7-40BC-951B-C57FF2386387}.Release|Any CPU.ActiveCfg = Release|Any CPU
		{64B0E53B-DDA7-40BC-951B-C57FF2386387}.Release|Any CPU.Build.0 = Release|Any CPU
		{64B0E53B-DDA7-40BC-951B-C57FF2386387}.Release|x64.ActiveCfg = Release|Any CPU
		{64B0E53B-DDA7-40BC-951B-C57FF2386387}.Release|x64.Build.0 = Release|Any CPU
		{F5A0F9DE-389F-439E-B286-4A18F288B54E}.Debug|Any CPU.ActiveCfg = Debug|Any CPU
		{F5A0F9DE-389F-439E-B286-4A18F288B54E}.Debug|Any CPU.Build.0 = Debug|Any CPU
		{F5A0F9DE-389F-439E-B286-4A18F288B54E}.Debug|x64.ActiveCfg = Debug|x64
		{F5A0F9DE-389F-439E-B286-4A18F288B54E}.Debug|x64.Build.0 = Debug|x64
		{F5A0F9DE-389F-439E-B286-4A18F288B54E}.Release|Any CPU.ActiveCfg = Release|Any CPU
		{F5A0F9DE-389F-439E-B286-4A18F288B54E}.Release|Any CPU.Build.0 = Release|Any CPU
		{F5A0F9DE-389F-439E-B286-4A18F288B54E}.Release|x64.ActiveCfg = Release|Any CPU
		{F5A0F9DE-389F-439E-B286-4A18F288B54E}.Release|x64.Build.0 = Release|Any CPU
	EndGlobalSection
	GlobalSection(SolutionProperties) = preSolution
		HideSolutionNode = FALSE
	EndGlobalSection
EndGlobal
